<?xml version="1.0" encoding="utf-8"?>
<Project ToolsVersion="4.0" xmlns="http://schemas.microsoft.com/developer/msbuild/2003">
  <ItemGroup>
    <Filter Include="Source Files">
      <UniqueIdentifier>{4FC737F1-C7A5-4376-A066-2A32D752A2FF}</UniqueIdentifier>
      <Extensions>cpp;c;cxx;def;odl;idl;hpj;bat;asm;asmx</Extensions>
    </Filter>
    <Filter Include="Header Files">
      <UniqueIdentifier>{93995380-89BD-4b04-88EB-625FBE52EBFB}</UniqueIdentifier>
      <Extensions>h;hpp;hxx;hm;inl;inc;xsd</Extensions>
    </Filter>
    <Filter Include="Default Bindings">
      <UniqueIdentifier>{0dbd8f63-e0ee-4e0a-a997-9ca5df8d075a}</UniqueIdentifier>
    </Filter>
  </ItemGroup>
  <ItemGroup>
    <ClCompile Include="..\..\dep\src\gm\gmArraySimple.cpp">
      <Filter>Source Files</Filter>
    </ClCompile>
    <ClCompile Include="..\..\dep\src\gm\gmByteCode.cpp">
      <Filter>Source Files</Filter>
    </ClCompile>
    <ClCompile Include="..\..\dep\src\gm\gmByteCodeGen.cpp">
      <Filter>Source Files</Filter>
    </ClCompile>
    <ClCompile Include="..\..\dep\src\gm\gmCodeGen.cpp">
      <Filter>Source Files</Filter>
    </ClCompile>
    <ClCompile Include="..\..\dep\src\gm\gmCodeGenHooks.cpp">
      <Filter>Source Files</Filter>
    </ClCompile>
    <ClCompile Include="..\..\dep\src\gm\gmCodeTree.cpp">
      <Filter>Source Files</Filter>
    </ClCompile>
    <ClCompile Include="..\..\dep\src\gm\gmCrc.cpp">
      <Filter>Source Files</Filter>
    </ClCompile>
    <ClCompile Include="..\..\dep\src\gm\gmDebug.cpp">
      <Filter>Source Files</Filter>
    </ClCompile>
    <ClCompile Include="..\..\dep\src\gm\gmFunctionObject.cpp">
      <Filter>Source Files</Filter>
    </ClCompile>
    <ClCompile Include="..\..\dep\src\gm\gmHash.cpp">
      <Filter>Source Files</Filter>
    </ClCompile>
    <ClCompile Include="..\..\dep\src\gm\gmIncGC.cpp">
      <Filter>Source Files</Filter>
    </ClCompile>
    <ClCompile Include="..\..\dep\src\gm\gmLibHooks.cpp">
      <Filter>Source Files</Filter>
    </ClCompile>
    <ClCompile Include="..\..\dep\src\gm\gmListDouble.cpp">
      <Filter>Source Files</Filter>
    </ClCompile>
    <ClCompile Include="..\..\dep\src\gm\gmLog.cpp">
      <Filter>Source Files</Filter>
    </ClCompile>
    <ClCompile Include="..\..\dep\src\gm\gmMachine.cpp">
      <Filter>Source Files</Filter>
    </ClCompile>
    <ClCompile Include="..\..\dep\src\gm\gmMachineLib.cpp">
      <Filter>Source Files</Filter>
    </ClCompile>
    <ClCompile Include="..\..\dep\src\gm\gmMem.cpp">
      <Filter>Source Files</Filter>
    </ClCompile>
    <ClCompile Include="..\..\dep\src\gm\gmMemChain.cpp">
      <Filter>Source Files</Filter>
    </ClCompile>
    <ClCompile Include="..\..\dep\src\gm\gmMemFixed.cpp">
      <Filter>Source Files</Filter>
    </ClCompile>
    <ClCompile Include="..\..\dep\src\gm\gmMemFixedSet.cpp">
      <Filter>Source Files</Filter>
    </ClCompile>
    <ClCompile Include="..\..\dep\src\gm\gmOperators.cpp">
      <Filter>Source Files</Filter>
    </ClCompile>
    <ClCompile Include="..\..\dep\src\gm\gmParser.cpp">
      <Filter>Source Files</Filter>
    </ClCompile>
    <ClCompile Include="..\..\dep\src\gm\gmScanner.cpp">
      <Filter>Source Files</Filter>
    </ClCompile>
    <ClCompile Include="..\..\dep\src\gm\gmStream.cpp">
      <Filter>Source Files</Filter>
    </ClCompile>
    <ClCompile Include="..\..\dep\src\gm\gmStreamBuffer.cpp">
      <Filter>Source Files</Filter>
    </ClCompile>
    <ClCompile Include="..\..\dep\src\gm\gmStringObject.cpp">
      <Filter>Source Files</Filter>
    </ClCompile>
    <ClCompile Include="..\..\dep\src\gm\gmTableObject.cpp">
      <Filter>Source Files</Filter>
    </ClCompile>
    <ClCompile Include="..\..\dep\src\gm\gmThread.cpp">
      <Filter>Source Files</Filter>
    </ClCompile>
    <ClCompile Include="..\..\dep\src\gm\gmUserObject.cpp">
      <Filter>Source Files</Filter>
    </ClCompile>
    <ClCompile Include="..\..\dep\src\gm\gmUtil.cpp">
      <Filter>Source Files</Filter>
    </ClCompile>
    <ClCompile Include="..\..\dep\src\gm\gmVariable.cpp">
      <Filter>Source Files</Filter>
    </ClCompile>
    <ClCompile Include="..\..\dep\src\gm\gmArrayLib.cpp">
      <Filter>Default Bindings</Filter>
    </ClCompile>
    <ClCompile Include="..\..\dep\src\gm\gmCall.cpp">
      <Filter>Default Bindings</Filter>
    </ClCompile>
    <ClCompile Include="..\..\dep\src\gm\gmGCRoot.cpp">
      <Filter>Default Bindings</Filter>
    </ClCompile>
    <ClCompile Include="..\..\dep\src\gm\gmGCRootUtil.cpp">
      <Filter>Default Bindings</Filter>
    </ClCompile>
    <ClCompile Include="..\..\dep\src\gm\gmHelpers.cpp">
      <Filter>Default Bindings</Filter>
    </ClCompile>
    <ClCompile Include="..\..\dep\src\gm\gmMathLib.cpp">
      <Filter>Default Bindings</Filter>
    </ClCompile>
    <ClCompile Include="..\..\dep\src\gm\gmStringLib.cpp">
      <Filter>Default Bindings</Filter>
    </ClCompile>
    <ClCompile Include="..\..\dep\src\gm\gmSystemLib.cpp">
      <Filter>Default Bindings</Filter>
    </ClCompile>
    <ClCompile Include="..\..\dep\src\gm\gmVector3Lib.cpp">
      <Filter>Default Bindings</Filter>
    </ClCompile>
  </ItemGroup>
  <ItemGroup>
    <ClInclude Include="..\..\dep\src\gm\gmArraySimple.h">
      <Filter>Header Files</Filter>
    </ClInclude>
    <ClInclude Include="..\..\dep\src\gm\gmByteCode.h">
      <Filter>Header Files</Filter>
    </ClInclude>
    <ClInclude Include="..\..\dep\src\gm\gmByteCodeGen.h">
      <Filter>Header Files</Filter>
    </ClInclude>
    <ClInclude Include="..\..\dep\src\gm\gmCodeGen.h">
      <Filter>Header Files</Filter>
    </ClInclude>
    <ClInclude Include="..\..\dep\src\gm\gmCodeGenHooks.h">
      <Filter>Header Files</Filter>
    </ClInclude>
    <ClInclude Include="..\..\dep\src\gm\gmCodeTree.h">
      <Filter>Header Files</Filter>
    </ClInclude>
    <ClInclude Include="..\..\dep\src\gm\gmConfig.h">
      <Filter>Header Files</Filter>
    </ClInclude>
    <ClInclude Include="..\..\dep\src\gm\gmCrc.h">
      <Filter>Header Files</Filter>
    </ClInclude>
    <ClInclude Include="..\..\dep\src\gm\gmDebug.h">
      <Filter>Header Files</Filter>
    </ClInclude>
    <ClInclude Include="..\..\dep\src\gm\gmDebugger.h">
      <Filter>Header Files</Filter>
    </ClInclude>
    <ClInclude Include="..\..\dep\src\gm\gmFunctionObject.h">
      <Filter>Header Files</Filter>
    </ClInclude>
    <ClInclude Include="..\..\dep\src\gm\gmHash.h">
      <Filter>Header Files</Filter>
    </ClInclude>
    <ClInclude Include="..\..\dep\src\gm\gmIncGC.h">
      <Filter>Header Files</Filter>
    </ClInclude>
    <ClInclude Include="..\..\dep\src\gm\gmIterator.h">
      <Filter>Header Files</Filter>
    </ClInclude>
    <ClInclude Include="..\..\dep\src\gm\gmLibHooks.h">
      <Filter>Header Files</Filter>
    </ClInclude>
    <ClInclude Include="..\..\dep\src\gm\gmListDouble.h">
      <Filter>Header Files</Filter>
    </ClInclude>
    <ClInclude Include="..\..\dep\src\gm\gmLog.h">
      <Filter>Header Files</Filter>
    </ClInclude>
    <ClInclude Include="..\..\dep\src\gm\gmMachine.h">
      <Filter>Header Files</Filter>
    </ClInclude>
    <ClInclude Include="..\..\dep\src\gm\gmMachineLib.h">
      <Filter>Header Files</Filter>
    </ClInclude>
    <ClInclude Include="..\..\dep\src\gm\gmMem.h">
      <Filter>Header Files</Filter>
    </ClInclude>
    <ClInclude Include="..\..\dep\src\gm\gmMemChain.h">
      <Filter>Header Files</Filter>
    </ClInclude>
    <ClInclude Include="..\..\dep\src\gm\gmMemFixed.h">
      <Filter>Header Files</Filter>
    </ClInclude>
    <ClInclude Include="..\..\dep\src\gm\gmMemFixedSet.h">
      <Filter>Header Files</Filter>
    </ClInclude>
    <ClInclude Include="..\..\dep\src\gm\gmOperators.h">
      <Filter>Header Files</Filter>
    </ClInclude>
    <ClInclude Include="..\..\dep\src\gm\gmParser.cpp.h">
      <Filter>Header Files</Filter>
    </ClInclude>
    <ClInclude Include="..\..\dep\src\gm\gmScanner.h">
      <Filter>Header Files</Filter>
    </ClInclude>
    <ClInclude Include="..\..\dep\src\gm\gmStream.h">
      <Filter>Header Files</Filter>
    </ClInclude>
    <ClInclude Include="..\..\dep\src\gm\gmStreamBuffer.h">
      <Filter>Header Files</Filter>
    </ClInclude>
    <ClInclude Include="..\..\dep\src\gm\gmStringObject.h">
      <Filter>Header Files</Filter>
    </ClInclude>
    <ClInclude Include="..\..\dep\src\gm\gmTableObject.h">
      <Filter>Header Files</Filter>
    </ClInclude>
    <ClInclude Include="..\..\dep\src\gm\gmThread.h">
      <Filter>Header Files</Filter>
    </ClInclude>
    <ClInclude Include="..\..\dep\src\gm\gmUserObject.h">
      <Filter>Header Files</Filter>
    </ClInclude>
    <ClInclude Include="..\..\dep\src\gm\gmUtil.h">
      <Filter>Header Files</Filter>
    </ClInclude>
    <ClInclude Include="..\..\dep\src\gm\gmVariable.h">
      <Filter>Header Files</Filter>
    </ClInclude>
    <ClInclude Include="..\..\dep\src\gm\gmArrayLib.h">
      <Filter>Default Bindings</Filter>
    </ClInclude>
    <ClInclude Include="..\..\dep\src\gm\gmCall.h">
      <Filter>Default Bindings</Filter>
    </ClInclude>
    <ClInclude Include="..\..\dep\src\gm\gmGCRoot.h">
      <Filter>Default Bindings</Filter>
    </ClInclude>
    <ClInclude Include="..\..\dep\src\gm\gmGCRootUtil.h">
      <Filter>Default Bindings</Filter>
    </ClInclude>
    <ClInclude Include="..\..\dep\src\gm\gmHelpers.h">
      <Filter>Default Bindings</Filter>
    </ClInclude>
    <ClInclude Include="..\..\dep\src\gm\gmMathLib.h">
      <Filter>Default Bindings</Filter>
    </ClInclude>
    <ClInclude Include="..\..\dep\src\gm\gmStringLib.h">
      <Filter>Default Bindings</Filter>
    </ClInclude>
    <ClInclude Include="..\..\dep\src\gm\gmSystemLib.h">
      <Filter>Default Bindings</Filter>
    </ClInclude>
    <ClInclude Include="..\..\dep\src\gm\gmVector3Lib.h">
      <Filter>Default Bindings</Filter>
    </ClInclude>
  </ItemGroup>
</Project>