<?xml version="1.0" encoding="utf-8"?>
<Project ToolsVersion="4.0" xmlns="http://schemas.microsoft.com/developer/msbuild/2003">
  <ItemGroup>
    <Filter Include="WS Interface">
      <UniqueIdentifier>{4d626d00-63e9-4d91-874e-d8f00c4bce35}</UniqueIdentifier>
    </Filter>
    <Filter Include="Client Handlers">
      <UniqueIdentifier>{f7f2d69f-90fb-493d-b4a7-8ef65e47abe8}</UniqueIdentifier>
    </Filter>
    <Filter Include="ThreadMgr">
      <UniqueIdentifier>{6a466221-2d05-43a8-83b4-191dbf7f48de}</UniqueIdentifier>
    </Filter>
  </ItemGroup>
  <ItemGroup>
    <ClCompile Include="..\..\src\logonserver\LogonCommServer.cpp">
      <Filter>WS Interface</Filter>
    </ClCompile>
    <ClCompile Include="..\..\src\logonserver\AuthSocket.cpp">
      <Filter>Client Handlers</Filter>
    </ClCompile>
    <ClCompile Include="..\..\src\game\CThreads.cpp">
      <Filter>ThreadMgr</Filter>
    </ClCompile>
    <ClCompile Include="..\..\src\logonserver\RealmlistThreadMgr.cpp">
      <Filter>ThreadMgr</Filter>
    </ClCompile>
    <ClCompile Include="..\..\src\logonserver\AccountCache.cpp" />
    <ClCompile Include="..\..\src\logonserver\LogonConsole.cpp" />
    <ClCompile Include="..\..\src\logonserver\LogonOpcodes.cpp" />
    <ClCompile Include="..\..\src\logonserver\LogonStdAfx.cpp" />
    <ClCompile Include="..\..\src\logonserver\Main.cpp" />
  </ItemGroup>
  <ItemGroup>
    <ClInclude Include="..\..\src\logonserver\LogonCommServer.h">
      <Filter>WS Interface</Filter>
    </ClInclude>
    <ClInclude Include="..\..\src\logonserver\AuthSocket.h">
      <Filter>Client Handlers</Filter>
    </ClInclude>
    <ClInclude Include="..\..\src\logonserver\AuthStructs.h">
      <Filter>Client Handlers</Filter>
    </ClInclude>
    <ClInclude Include="..\..\src\logonserver\AccountCache.h" />
    <ClInclude Include="..\..\src\logonserver\LogonConsole.h" />
    <ClInclude Include="..\..\src\logonserver\LogonOpcodes.h" />
    <ClInclude Include="..\..\src\logonserver\LogonStdAfx.h" />
    <ClInclude Include="..\..\src\logonserver\Main.h" />
    <ClInclude Include="..\..\src\logonserver\PeriodicFunctionCall_Thread.h" />
  </ItemGroup>
</Project>